{
  "name": "tests",
  "version": "1.0.0",
  "lockfileVersion": 1,
  "requires": true,
  "dependencies": {
    "pirate-css": {
      "version": "1.2.0",
      "resolved": "https://registry.npmjs.org/pirate-css/-/pirate-css-1.2.0.tgz",
      "integrity": "sha512-H2HALw0gnjJmaTmS3V5bzcZk0OVvsDCjgGmwDzO5YOOVRZE/zWLYLrgMG6veW7INWHKDFtJw/K8GY768NmdB/g=="
    }
  }
}
